# This file is automatically @generated by Cargo.
# It is not intended for manual editing.
version = 4

[[package]]
name = "editor-core"
version = "0.0.0"

[[package]]
name = "editor-service"
version = "0.0.0"
dependencies = [
 "editor-core",
]

[[package]]
name = "editor-ui"
version = "0.0.0"
dependencies = [
 "editor-core",
 "editor-service",
]
